# This file is automatically @generated by Cargo.
# It is not intended for manual editing.
version = 4

[[package]]
name = "accounting"
version = "0.1.0"

[[package]]
name = "audit"
version = "0.1.0"

[[package]]
name = "business"
version = "0.1.0"

[[package]]
name = "finance"
version = "0.1.0"

[[package]]
name = "gateway"
version = "0.1.0"

[[package]]
name = "identity"
version = "0.1.0"

[[package]]
name = "inventory"
version = "0.1.0"

[[package]]
name = "notification"
version = "0.1.0"

[[package]]
name = "purchase"
version = "0.1.0"

[[package]]
name = "reporting"
version = "0.1.0"

[[package]]
name = "sales"
version = "0.1.0"

[[package]]
name = "shared"
version = "0.1.0"

[[package]]
name = "subscription"
version = "0.1.0"

[[package]]
name = "transaction"
version = "0.1.0"
